
Microsoft Visual Studio Solution File, Format Version 12.00
# Visual Studio Version 17
VisualStudioVersion = 17.8.34525.116
MinimumVisualStudioVersion = 10.0.40219.1
Project("{FAE04EC0-301F-11D3-BF4B-00C04F79EFBC}") = "TMP_Laba2", "TMP_Laba2.csproj", "{3317E3DF-BDE6-46CA-8A57-31EDABE718A5}"
EndProject
Global
	GlobalSection(SolutionConfigurationPlatforms) = preSolution
		Debug|Any CPU = Debug|Any CPU
		Release|Any CPU = Release|Any CPU
	EndGlobalSection
	GlobalSection(ProjectConfigurationPlatforms) = postSolution
		{3317E3DF-BDE6-46CA-8A57-31EDABE718A5}.Debug|Any CPU.ActiveCfg = Debug|Any CPU
		{3317E3DF-BDE6-46CA-8A57-31EDABE718A5}.Debug|Any CPU.Build.0 = Debug|Any CPU
		{3317E3DF-BDE6-46CA-8A57-31EDABE718A5}.Release|Any CPU.ActiveCfg = Release|Any CPU
		{3317E3DF-BDE6-46CA-8A57-31EDABE718A5}.Release|Any CPU.Build.0 = Release|Any CPU
	EndGlobalSection
	GlobalSection(SolutionProperties) = preSolution
		HideSolutionNode = FALSE
	EndGlobalSection
	GlobalSection(ExtensibilityGlobals) = postSolution
		SolutionGuid = {AEF0C5C8-16FD-4037-9761-4AEB05B422EF}
	EndGlobalSection
EndGlobal
